
Microsoft Visual Studio Solution File, Format Version 12.00
# Visual Studio Version 17
VisualStudioVersion = 17.11.35303.130
MinimumVisualStudioVersion = 10.0.40219.1
Project("{9A19103F-16F7-4668-BE54-9A1E7A4F7556}") = "expense-traker", "expense-traker\expense-traker.csproj", "{309414FB-8FF8-47B7-9242-228A7D9F6245}"
EndProject
Project("{2150E333-8FDC-42A3-9474-1A3956D46DE8}") = "Solution Items", "Solution Items", "{DAD105CF-7BE5-4248-926B-D5B72856B4F0}"
	ProjectSection(SolutionItems) = preProject
		.editorconfig = .editorconfig
	EndProjectSection
EndProject
Global
	GlobalSection(SolutionConfigurationPlatforms) = preSolution
		Debug|Any CPU = Debug|Any CPU
		Release|Any CPU = Release|Any CPU
	EndGlobalSection
	GlobalSection(ProjectConfigurationPlatforms) = postSolution
		{309414FB-8FF8-47B7-9242-228A7D9F6245}.Debug|Any CPU.ActiveCfg = Debug|Any CPU
		{309414FB-8FF8-47B7-9242-228A7D9F6245}.Debug|Any CPU.Build.0 = Debug|Any CPU
		{309414FB-8FF8-47B7-9242-228A7D9F6245}.Release|Any CPU.ActiveCfg = Release|Any CPU
		{309414FB-8FF8-47B7-9242-228A7D9F6245}.Release|Any CPU.Build.0 = Release|Any CPU
	EndGlobalSection
	GlobalSection(SolutionProperties) = preSolution
		HideSolutionNode = FALSE
	EndGlobalSection
	GlobalSection(ExtensibilityGlobals) = postSolution
		SolutionGuid = {EEEBD138-73A0-4BBC-B061-775244EB684B}
	EndGlobalSection
EndGlobal
